
Microsoft Visual Studio Solution File, Format Version 12.00
# Visual Studio Version 16
VisualStudioVersion = 16.0.29519.181
MinimumVisualStudioVersion = 10.0.40219.1
Project("{778DAE3C-4631-46EA-AA77-85C1314464D9}") = "RS.ScriptLinkDemo.VB.Objects", "RS.ScriptLinkDemo.VB.Objects\RS.ScriptLinkDemo.VB.Objects.vbproj", "{AE1D5C78-6D23-4C59-B44E-76030A9A1367}"
EndProject
Project("{F184B08F-C81C-45F6-A57F-5ABD9991F28F}") = "RS.ScriptLinkDemo.VB.Soap", "RS.ScriptLinkDemo.VB.Soap\RS.ScriptLinkDemo.VB.Soap.vbproj", "{38009CE0-0285-49FC-B7EA-DAE7C5235D28}"
EndProject
Project("{F184B08F-C81C-45F6-A57F-5ABD9991F28F}") = "RS.ScriptLinkDemo.VB.Soap.Tests", "RS.ScriptLinkDemo.VB.Soap.Tests\RS.ScriptLinkDemo.VB.Soap.Tests.vbproj", "{CAF9B53E-F323-48C0-BC49-CBDD2DD983DC}"
EndProject
Global
	GlobalSection(SolutionConfigurationPlatforms) = preSolution
		Debug|Any CPU = Debug|Any CPU
		Release|Any CPU = Release|Any CPU
	EndGlobalSection
	GlobalSection(ProjectConfigurationPlatforms) = postSolution
		{AE1D5C78-6D23-4C59-B44E-76030A9A1367}.Debug|Any CPU.ActiveCfg = Debug|Any CPU
		{AE1D5C78-6D23-4C59-B44E-76030A9A1367}.Debug|Any CPU.Build.0 = Debug|Any CPU
		{AE1D5C78-6D23-4C59-B44E-76030A9A1367}.Release|Any CPU.ActiveCfg = Release|Any CPU
		{AE1D5C78-6D23-4C59-B44E-76030A9A1367}.Release|Any CPU.Build.0 = Release|Any CPU
		{38009CE0-0285-49FC-B7EA-DAE7C5235D28}.Debug|Any CPU.ActiveCfg = Debug|Any CPU
		{38009CE0-0285-49FC-B7EA-DAE7C5235D28}.Debug|Any CPU.Build.0 = Debug|Any CPU
		{38009CE0-0285-49FC-B7EA-DAE7C5235D28}.Release|Any CPU.ActiveCfg = Release|Any CPU
		{38009CE0-0285-49FC-B7EA-DAE7C5235D28}.Release|Any CPU.Build.0 = Release|Any CPU
		{CAF9B53E-F323-48C0-BC49-CBDD2DD983DC}.Debug|Any CPU.ActiveCfg = Debug|Any CPU
		{CAF9B53E-F323-48C0-BC49-CBDD2DD983DC}.Debug|Any CPU.Build.0 = Debug|Any CPU
		{CAF9B53E-F323-48C0-BC49-CBDD2DD983DC}.Release|Any CPU.ActiveCfg = Release|Any CPU
		{CAF9B53E-F323-48C0-BC49-CBDD2DD983DC}.Release|Any CPU.Build.0 = Release|Any CPU
	EndGlobalSection
	GlobalSection(SolutionProperties) = preSolution
		HideSolutionNode = FALSE
	EndGlobalSection
	GlobalSection(ExtensibilityGlobals) = postSolution
		SolutionGuid = {288D61A1-7B37-4F90-A23D-014A754E3C9D}
	EndGlobalSection
EndGlobal
